// !$*UTF8*$!
{
	archiveVersion = 1;
	classes = {
	};
	objectVersion = 77;
	objects = {

/* Begin PBXBuildFile section */
		EB3DD0E12FA97D6D0042D4FD /* Textual in Frameworks */ = {isa = PBXBuildFile; productRef = EB3DD0E02FA97D6D0042D4FD /* Textual */; };
/* End PBXBuildFile section */

/* Begin PBXContainerItemProxy section */
		EB977FDE2FA935E200C0B11F /* PBXContainerItemProxy */ = {
			isa = PBXContainerItemProxy;
			containerPortal = EB977FC82FA935E100C0B11F /* Project object */;
			proxyType = 1;
			remoteGlobalIDString = EB977FCF2FA935E100C0B11F;
			remoteInfo = CuePrototype;
		};
		EB977FE82FA935E200C0B11F /* PBXContainerItemProxy */ = {
			isa = PBXContainerItemProxy;
			containerPortal = EB977FC82FA935E100C0B11F /* Project object */;
			proxyType = 1;
			remoteGlobalIDString = EB977FCF2FA935E100C0B11F;
			remoteInfo = CuePrototype;
		};
/* End PBXContainerItemProxy section */

/* Begin PBXFileReference section */
		EB977FD02FA935E100C0B11F /* Cue.app */ = {isa = PBXFileReference; explicitFileType = wrapper.application; includeInIndex = 0; path = Cue.app; sourceTree = BUILT_PRODUCTS_DIR; };
		EB977FDD2FA935E200C0B11F /* CueTests.xctest */ = {isa = PBXFileReference; explicitFileType = wrapper.cfbundle; includeInIndex = 0; path = CueTests.xctest; sourceTree = BUILT_PRODUCTS_DIR; };
		EB977FE72FA935E200C0B11F /* CueUITests.xctest */ = {isa = PBXFileReference; explicitFileType = wrapper.cfbundle; includeInIndex = 0; path = CueUITests.xctest; sourceTree = BUILT_PRODUCTS_DIR; };
		EBCONFIG002FA97D6D0042D4FD /* Shared.xcconfig */ = {isa = PBXFileReference; lastKnownFileType = text.xcconfig; path = Shared.xcconfig; sourceTree = "<group>"; };
		EBCONFIG003FA97D6D0042D4FD /* Local.xcconfig.example */ = {isa = PBXFileReference; lastKnownFileType = text.xcconfig; path = Local.xcconfig.example; sourceTree = "<group>"; };
/* End PBXFileReference section */

/* Begin PBXFileSystemSynchronizedRootGroup section */
		EB977FD22FA935E100C0B11F /* Cue */ = {
			isa = PBXFileSystemSynchronizedRootGroup;
			path = Cue;
			sourceTree = "<group>";
		};
		EB977FE02FA935E200C0B11F /* CueTests */ = {
			isa = PBXFileSystemSynchronizedRootGroup;
			path = CueTests;
			sourceTree = "<group>";
		};
		EB977FEA2FA935E200C0B11F /* CueUITests */ = {
			isa = PBXFileSystemSynchronizedRootGroup;
			path = CueUITests;
			sourceTree = "<group>";
		};
/* End PBXFileSystemSynchronizedRootGroup section */

/* Begin PBXFrameworksBuildPhase section */
		EB977FCD2FA935E100C0B11F /* Frameworks */ = {
			isa = PBXFrameworksBuildPhase;
			buildActionMask = 2147483647;
			files = (
				EB3DD0E12FA97D6D0042D4FD /* Textual in Frameworks */,
			);
			runOnlyForDeploymentPostprocessing = 0;
		};
		EB977FDA2FA935E200C0B11F /* Frameworks */ = {
			isa = PBXFrameworksBuildPhase;
			buildActionMask = 2147483647;
			files = (
			);
			runOnlyForDeploymentPostprocessing = 0;
		};
		EB977FE42FA935E200C0B11F /* Frameworks */ = {
			isa = PBXFrameworksBuildPhase;
			buildActionMask = 2147483647;
			files = (
			);
			runOnlyForDeploymentPostprocessing = 0;
		};
/* End PBXFrameworksBuildPhase section */

/* Begin PBXGroup section */
		EB977FC72FA935E100C0B11F = {
			isa = PBXGroup;
			children = (
				EBCONFIG001FA97D6D0042D4FD /* Config */,
				EB977FD22FA935E100C0B11F /* Cue */,
				EB977FE02FA935E200C0B11F /* CueTests */,
				EB977FEA2FA935E200C0B11F /* CueUITests */,
				EB977FD12FA935E100C0B11F /* Products */,
			);
			sourceTree = "<group>";
		};
		EB977FD12FA935E100C0B11F /* Products */ = {
			isa = PBXGroup;
			children = (
				EB977FD02FA935E100C0B11F /* Cue.app */,
				EB977FDD2FA935E200C0B11F /* CueTests.xctest */,
				EB977FE72FA935E200C0B11F /* CueUITests.xctest */,
			);
			name = Products;
			sourceTree = "<group>";
		};
		EBCONFIG001FA97D6D0042D4FD /* Config */ = {
			isa = PBXGroup;
			children = (
				EBCONFIG002FA97D6D0042D4FD /* Shared.xcconfig */,
				EBCONFIG003FA97D6D0042D4FD /* Local.xcconfig.example */,
			);
			path = Config;
			sourceTree = "<group>";
		};
/* End PBXGroup section */

/* Begin PBXNativeTarget section */
		EB977FCF2FA935E100C0B11F /* Cue */ = {
			isa = PBXNativeTarget;
			buildConfigurationList = EB977FF12FA935E200C0B11F /* Build configuration list for PBXNativeTarget "Cue" */;
			buildPhases = (
				EB977FCC2FA935E100C0B11F /* Sources */,
				EB977FCD2FA935E100C0B11F /* Frameworks */,
				EB977FCE2FA935E100C0B11F /* Resources */,
			);
			buildRules = (
			);
			dependencies = (
			);
			fileSystemSynchronizedGroups = (
				EB977FD22FA935E100C0B11F /* Cue */,
			);
			name = Cue;
			packageProductDependencies = (
				EB3DD0E02FA97D6D0042D4FD /* Textual */,
			);
			productName = Cue;
			productReference = EB977FD02FA935E100C0B11F /* Cue.app */;
			productType = "com.apple.product-type.application";
		};
		EB977FDC2FA935E200C0B11F /* CueTests */ = {
			isa = PBXNativeTarget;
			buildConfigurationList = EB977FF42FA935E200C0B11F /* Build configuration list for PBXNativeTarget "CueTests" */;
			buildPhases = (
				EB977FD92FA935E200C0B11F /* Sources */,
				EB977FDA2FA935E200C0B11F /* Frameworks */,
				EB977FDB2FA935E200C0B11F /* Resources */,
			);
			buildRules = (
			);
			dependencies = (
				EB977FDF2FA935E200C0B11F /* PBXTargetDependency */,
			);
			fileSystemSynchronizedGroups = (
				EB977FE02FA935E200C0B11F /* CueTests */,
			);
			name = CueTests;
			packageProductDependencies = (
			);
			productName = CueTests;
			productReference = EB977FDD2FA935E200C0B11F /* CueTests.xctest */;
			productType = "com.apple.product-type.bundle.unit-test";
		};
		EB977FE62FA935E200C0B11F /* CueUITests */ = {
			isa = PBXNativeTarget;
			buildConfigurationList = EB977FF72FA935E200C0B11F /* Build configuration list for PBXNativeTarget "CueUITests" */;
			buildPhases = (
				EB977FE32FA935E200C0B11F /* Sources */,
				EB977FE42FA935E200C0B11F /* Frameworks */,
				EB977FE52FA935E200C0B11F /* Resources */,
			);
			buildRules = (
			);
			dependencies = (
				EB977FE92FA935E200C0B11F /* PBXTargetDependency */,
			);
			fileSystemSynchronizedGroups = (
				EB977FEA2FA935E200C0B11F /* CueUITests */,
			);
			name = CueUITests;
			packageProductDependencies = (
			);
			productName = CuePrototypeUITests;
			productReference = EB977FE72FA935E200C0B11F /* CueUITests.xctest */;
			productType = "com.apple.product-type.bundle.ui-testing";
		};
/* End PBXNativeTarget section */

/* Begin PBXProject section */
		EB977FC82FA935E100C0B11F /* Project object */ = {
			isa = PBXProject;
			attributes = {
				BuildIndependentTargetsInParallel = 1;
				LastSwiftUpdateCheck = 2620;
				LastUpgradeCheck = 2620;
				TargetAttributes = {
					EB977FCF2FA935E100C0B11F = {
						CreatedOnToolsVersion = 26.2;
					};
					EB977FDC2FA935E200C0B11F = {
						CreatedOnToolsVersion = 26.2;
						TestTargetID = EB977FCF2FA935E100C0B11F;
					};
					EB977FE62FA935E200C0B11F = {
						CreatedOnToolsVersion = 26.2;
						TestTargetID = EB977FCF2FA935E100C0B11F;
					};
				};
			};
			buildConfigurationList = EB977FCB2FA935E100C0B11F /* Build configuration list for PBXProject "Cue" */;
			developmentRegion = en;
			hasScannedForEncodings = 0;
			knownRegions = (
				en,
				Base,
			);
			mainGroup = EB977FC72FA935E100C0B11F;
			minimizedProjectReferenceProxies = 1;
			packageReferences = (
				EB3DD0DE2FA979920042D4FD /* XCRemoteSwiftPackageReference "textual" */,
			);
			preferredProjectObjectVersion = 77;
			productRefGroup = EB977FD12FA935E100C0B11F /* Products */;
			projectDirPath = "";
			projectRoot = "";
			targets = (
				EB977FCF2FA935E100C0B11F /* Cue */,
				EB977FDC2FA935E200C0B11F /* CueTests */,
				EB977FE62FA935E200C0B11F /* CueUITests */,
			);
		};
/* End PBXProject section */

/* Begin PBXResourcesBuildPhase section */
		EB977FCE2FA935E100C0B11F /* Resources */ = {
			isa = PBXResourcesBuildPhase;
			buildActionMask = 2147483647;
			files = (
			);
			runOnlyForDeploymentPostprocessing = 0;
		};
		EB977FDB2FA935E200C0B11F /* Resources */ = {
			isa = PBXResourcesBuildPhase;
			buildActionMask = 2147483647;
			files = (
			);
			runOnlyForDeploymentPostprocessing = 0;
		};
		EB977FE52FA935E200C0B11F /* Resources */ = {
			isa = PBXResourcesBuildPhase;
			buildActionMask = 2147483647;
			files = (
			);
			runOnlyForDeploymentPostprocessing = 0;
		};
/* End PBXResourcesBuildPhase section */

/* Begin PBXSourcesBuildPhase section */
		EB977FCC2FA935E100C0B11F /* Sources */ = {
			isa = PBXSourcesBuildPhase;
			buildActionMask = 2147483647;
			files = (
			);
			runOnlyForDeploymentPostprocessing = 0;
		};
		EB977FD92FA935E200C0B11F /* Sources */ = {
			isa = PBXSourcesBuildPhase;
			buildActionMask = 2147483647;
			files = (
			);
			runOnlyForDeploymentPostprocessing = 0;
		};
		EB977FE32FA935E200C0B11F /* Sources */ = {
			isa = PBXSourcesBuildPhase;
			buildActionMask = 2147483647;
			files = (
			);
			runOnlyForDeploymentPostprocessing = 0;
		};
/* End PBXSourcesBuildPhase section */

/* Begin PBXTargetDependency section */
		EB977FDF2FA935E200C0B11F /* PBXTargetDependency */ = {
			isa = PBXTargetDependency;
			target = EB977FCF2FA935E100C0B11F /* Cue */;
			targetProxy = EB977FDE2FA935E200C0B11F /* PBXContainerItemProxy */;
		};
		EB977FE92FA935E200C0B11F /* PBXTargetDependency */ = {
			isa = PBXTargetDependency;
			target = EB977FCF2FA935E100C0B11F /* Cue */;
			targetProxy = EB977FE82FA935E200C0B11F /* PBXContainerItemProxy */;
		};
/* End PBXTargetDependency section */

/* Begin XCBuildConfiguration section */
		EB977FEF2FA935E200C0B11F /* Debug */ = {
			isa = XCBuildConfiguration;
			baseConfigurationReference = EBCONFIG002FA97D6D0042D4FD /* Shared.xcconfig */;
			buildSettings = {
				ALWAYS_SEARCH_USER_PATHS = NO;
				ASSETCATALOG_COMPILER_GENERATE_SWIFT_ASSET_SYMBOL_EXTENSIONS = YES;
				CLANG_ANALYZER_NONNULL = YES;
				CLANG_ANALYZER_NUMBER_OBJECT_CONVERSION = YES_AGGRESSIVE;
				CLANG_CXX_LANGUAGE_STANDARD = "gnu++20";
				CLANG_ENABLE_MODULES = YES;
				CLANG_ENABLE_OBJC_ARC = YES;
				CLANG_ENABLE_OBJC_WEAK = YES;
				CLANG_WARN_BLOCK_CAPTURE_AUTORELEASING = YES;
				CLANG_WARN_BOOL_CONVERSION = YES;
				CLANG_WARN_COMMA = YES;
				CLANG_WARN_CONSTANT_CONVERSION = YES;
				CLANG_WARN_DEPRECATED_OBJC_IMPLEMENTATIONS = YES;
				CLANG_WARN_DIRECT_OBJC_ISA_USAGE = YES_ERROR;
				CLANG_WARN_DOCUMENTATION_COMMENTS = YES;
				CLANG_WARN_EMPTY_BODY = YES;
				CLANG_WARN_ENUM_CONVERSION = YES;
				CLANG_WARN_INFINITE_RECURSION = YES;
				CLANG_WARN_INT_CONVERSION = YES;
				CLANG_WARN_NON_LITERAL_NULL_CONVERSION = YES;
				CLANG_WARN_OBJC_IMPLICIT_RETAIN_SELF = YES;
				CLANG_WARN_OBJC_LITERAL_CONVERSION = YES;
				CLANG_WARN_OBJC_ROOT_CLASS = YES_ERROR;
				CLANG_WARN_QUOTED_INCLUDE_IN_FRAMEWORK_HEADER = YES;
				CLANG_WARN_RANGE_LOOP_ANALYSIS = YES;
				CLANG_WARN_STRICT_PROTOTYPES = YES;
				CLANG_WARN_SUSPICIOUS_MOVE = YES;
				CLANG_WARN_UNGUARDED_AVAILABILITY = YES_AGGRESSIVE;
				CLANG_WARN_UNREACHABLE_CODE = YES;
				CLANG_WARN__DUPLICATE_METHOD_MATCH = YES;
				COPY_PHASE_STRIP = NO;
				DEAD_CODE_STRIPPING = YES;
				DEBUG_INFORMATION_FORMAT = dwarf;
				DEVELOPMENT_TEAM = 8B8983VEMG;
				ENABLE_STRICT_OBJC_MSGSEND = YES;
				ENABLE_TESTABILITY = YES;
				ENABLE_USER_SCRIPT_SANDBOXING = YES;
				GCC_C_LANGUAGE_STANDARD = gnu17;
				GCC_DYNAMIC_NO_PIC = NO;
				GCC_NO_COMMON_BLOCKS = YES;
				GCC_OPTIMIZATION_LEVEL = 0;
				GCC_PREPROCESSOR_DEFINITIONS = (
					"DEBUG=1",
					"$(inherited)",
				);
				GCC_WARN_64_TO_32_BIT_CONVERSION = YES;
				GCC_WARN_ABOUT_RETURN_TYPE = YES_ERROR;
				GCC_WARN_UNDECLARED_SELECTOR = YES;
				GCC_WARN_UNINITIALIZED_AUTOS = YES_AGGRESSIVE;
				GCC_WARN_UNUSED_FUNCTION = YES;
				GCC_WARN_UNUSED_VARIABLE = YES;
				LOCALIZATION_PREFERS_STRING_CATALOGS = YES;
				MTL_ENABLE_DEBUG_INFO = INCLUDE_SOURCE;
				MTL_FAST_MATH = YES;
				ONLY_ACTIVE_ARCH = YES;
				SDKROOT = macosx;
				STRING_CATALOG_GENERATE_SYMBOLS = YES;
				SWIFT_ACTIVE_COMPILATION_CONDITIONS = "DEBUG $(inherited)";
				SWIFT_OPTIMIZATION_LEVEL = "-Onone";
			};
			name = Debug;
		};
		EB977FF02FA935E200C0B11F /* Release */ = {
			isa = XCBuildConfiguration;
			baseConfigurationReference = EBCONFIG002FA97D6D0042D4FD /* Shared.xcconfig */;
			buildSettings = {
				ALWAYS_SEARCH_USER_PATHS = NO;
				ASSETCATALOG_COMPILER_GENERATE_SWIFT_ASSET_SYMBOL_EXTENSIONS = YES;
				CLANG_ANALYZER_NONNULL = YES;
				CLANG_ANALYZER_NUMBER_OBJECT_CONVERSION = YES_AGGRESSIVE;
				CLANG_CXX_LANGUAGE_STANDARD = "gnu++20";
				CLANG_ENABLE_MODULES = YES;
				CLANG_ENABLE_OBJC_ARC = YES;
				CLANG_ENABLE_OBJC_WEAK = YES;
				CLANG_WARN_BLOCK_CAPTURE_AUTORELEASING = YES;
				CLANG_WARN_BOOL_CONVERSION = YES;
				CLANG_WARN_COMMA = YES;
				CLANG_WARN_CONSTANT_CONVERSION = YES;
				CLANG_WARN_DEPRECATED_OBJC_IMPLEMENTATIONS = YES;
				CLANG_WARN_DIRECT_OBJC_ISA_USAGE = YES_ERROR;
				CLANG_WARN_DOCUMENTATION_COMMENTS = YES;
				CLANG_WARN_EMPTY_BODY = YES;
				CLANG_WARN_ENUM_CONVERSION = YES;
				CLANG_WARN_INFINITE_RECURSION = YES;
				CLANG_WARN_INT_CONVERSION = YES;
				CLANG_WARN_NON_LITERAL_NULL_CONVERSION = YES;
				CLANG_WARN_OBJC_IMPLICIT_RETAIN_SELF = YES;
				CLANG_WARN_OBJC_LITERAL_CONVERSION = YES;
				CLANG_WARN_OBJC_ROOT_CLASS = YES_ERROR;
				CLANG_WARN_QUOTED_INCLUDE_IN_FRAMEWORK_HEADER = YES;
				CLANG_WARN_RANGE_LOOP_ANALYSIS = YES;
				CLANG_WARN_STRICT_PROTOTYPES = YES;
				CLANG_WARN_SUSPICIOUS_MOVE = YES;
				CLANG_WARN_UNGUARDED_AVAILABILITY = YES_AGGRESSIVE;
				CLANG_WARN_UNREACHABLE_CODE = YES;
				CLANG_WARN__DUPLICATE_METHOD_MATCH = YES;
				COPY_PHASE_STRIP = NO;
				DEAD_CODE_STRIPPING = YES;
				DEBUG_INFORMATION_FORMAT = "dwarf-with-dsym";
				DEVELOPMENT_TEAM = 8B8983VEMG;
				ENABLE_NS_ASSERTIONS = NO;
				ENABLE_STRICT_OBJC_MSGSEND = YES;
				ENABLE_USER_SCRIPT_SANDBOXING = YES;
				GCC_C_LANGUAGE_STANDARD = gnu17;
				GCC_NO_COMMON_BLOCKS = YES;
				GCC_WARN_64_TO_32_BIT_CONVERSION = YES;
				GCC_WARN_ABOUT_RETURN_TYPE = YES_ERROR;
				GCC_WARN_UNDECLARED_SELECTOR = YES;
				GCC_WARN_UNINITIALIZED_AUTOS = YES_AGGRESSIVE;
				GCC_WARN_UNUSED_FUNCTION = YES;
				GCC_WARN_UNUSED_VARIABLE = YES;
				LOCALIZATION_PREFERS_STRING_CATALOGS = YES;
				MTL_ENABLE_DEBUG_INFO = NO;
				MTL_FAST_MATH = YES;
				SDKROOT = macosx;
				STRING_CATALOG_GENERATE_SYMBOLS = YES;
				SWIFT_COMPILATION_MODE = wholemodule;
			};
			name = Release;
		};
		EB977FF22FA935E200C0B11F /* Debug */ = {
			isa = XCBuildConfiguration;
			baseConfigurationReference = EBCONFIG002FA97D6D0042D4FD /* Shared.xcconfig */;
			buildSettings = {
				ASSETCATALOG_COMPILER_APPICON_NAME = AppIcon;
				ASSETCATALOG_COMPILER_GLOBAL_ACCENT_COLOR_NAME = AccentColor;
				COMBINE_HIDPI_IMAGES = YES;
				DEAD_CODE_STRIPPING = YES;
				ENABLE_APP_SANDBOX = NO;
				ENABLE_HARDENED_RUNTIME = YES;
				ENABLE_PREVIEWS = YES;
				ENABLE_USER_SELECTED_FILES = readonly;
				GENERATE_INFOPLIST_FILE = YES;
				INFOPLIST_KEY_CFBundleDisplayName = Cue;
				INFOPLIST_KEY_LSApplicationCategoryType = "public.app-category.productivity";
				INFOPLIST_KEY_NSHumanReadableCopyright = "";
				INFOPLIST_KEY_NSScreenCaptureUsageDescription = "Cue needs screen recording access to capture context from your screen.";
				LD_RUNPATH_SEARCH_PATHS = (
					"$(inherited)",
					"@executable_path/../Frameworks",
				);
				PRODUCT_BUNDLE_IDENTIFIER = com.cruxbetalabs.Cue;
				PRODUCT_NAME = "$(TARGET_NAME)";
				REGISTER_APP_GROUPS = YES;
				STRING_CATALOG_GENERATE_SYMBOLS = YES;
				SWIFT_APPROACHABLE_CONCURRENCY = YES;
				SWIFT_DEFAULT_ACTOR_ISOLATION = MainActor;
				SWIFT_EMIT_LOC_STRINGS = YES;
				SWIFT_UPCOMING_FEATURE_MEMBER_IMPORT_VISIBILITY = YES;
				SWIFT_VERSION = 5.0;
			};
			name = Debug;
		};
		EB977FF32FA935E200C0B11F /* Release */ = {
			isa = XCBuildConfiguration;
			baseConfigurationReference = EBCONFIG002FA97D6D0042D4FD /* Shared.xcconfig */;
			buildSettings = {
				ASSETCATALOG_COMPILER_APPICON_NAME = AppIcon;
				ASSETCATALOG_COMPILER_GLOBAL_ACCENT_COLOR_NAME = AccentColor;
				COMBINE_HIDPI_IMAGES = YES;
				DEAD_CODE_STRIPPING = YES;
				ENABLE_APP_SANDBOX = NO;
				ENABLE_HARDENED_RUNTIME = YES;
				ENABLE_PREVIEWS = YES;
				ENABLE_USER_SELECTED_FILES = readonly;
				GENERATE_INFOPLIST_FILE = YES;
				INFOPLIST_KEY_CFBundleDisplayName = Cue;
				INFOPLIST_KEY_LSApplicationCategoryType = "public.app-category.productivity";
				INFOPLIST_KEY_NSHumanReadableCopyright = "";
				INFOPLIST_KEY_NSScreenCaptureUsageDescription = "Cue needs screen recording access to capture context from your screen.";
				LD_RUNPATH_SEARCH_PATHS = (
					"$(inherited)",
					"@executable_path/../Frameworks",
				);
				PRODUCT_BUNDLE_IDENTIFIER = com.cruxbetalabs.Cue;
				PRODUCT_NAME = "$(TARGET_NAME)";
				REGISTER_APP_GROUPS = YES;
				STRING_CATALOG_GENERATE_SYMBOLS = YES;
				SWIFT_APPROACHABLE_CONCURRENCY = YES;
				SWIFT_DEFAULT_ACTOR_ISOLATION = MainActor;
				SWIFT_EMIT_LOC_STRINGS = YES;
				SWIFT_UPCOMING_FEATURE_MEMBER_IMPORT_VISIBILITY = YES;
				SWIFT_VERSION = 5.0;
			};
			name = Release;
		};
		EB977FF52FA935E200C0B11F /* Debug */ = {
			isa = XCBuildConfiguration;
			baseConfigurationReference = EBCONFIG002FA97D6D0042D4FD /* Shared.xcconfig */;
			buildSettings = {
				BUNDLE_LOADER = "$(TEST_HOST)";
				DEAD_CODE_STRIPPING = YES;
				GENERATE_INFOPLIST_FILE = YES;
				PRODUCT_BUNDLE_IDENTIFIER = com.cruxbetalabs.CueTests;
				PRODUCT_NAME = "$(TARGET_NAME)";
				STRING_CATALOG_GENERATE_SYMBOLS = NO;
				SWIFT_APPROACHABLE_CONCURRENCY = YES;
				SWIFT_EMIT_LOC_STRINGS = NO;
				SWIFT_UPCOMING_FEATURE_MEMBER_IMPORT_VISIBILITY = YES;
				SWIFT_VERSION = 5.0;
				TEST_HOST = "$(BUILT_PRODUCTS_DIR)/Cue.app/$(BUNDLE_EXECUTABLE_FOLDER_PATH)/Cue";
			};
			name = Debug;
		};
		EB977FF62FA935E200C0B11F /* Release */ = {
			isa = XCBuildConfiguration;
			baseConfigurationReference = EBCONFIG002FA97D6D0042D4FD /* Shared.xcconfig */;
			buildSettings = {
				BUNDLE_LOADER = "$(TEST_HOST)";
				DEAD_CODE_STRIPPING = YES;
				GENERATE_INFOPLIST_FILE = YES;
				PRODUCT_BUNDLE_IDENTIFIER = com.cruxbetalabs.CueTests;
				PRODUCT_NAME = "$(TARGET_NAME)";
				STRING_CATALOG_GENERATE_SYMBOLS = NO;
				SWIFT_APPROACHABLE_CONCURRENCY = YES;
				SWIFT_EMIT_LOC_STRINGS = NO;
				SWIFT_UPCOMING_FEATURE_MEMBER_IMPORT_VISIBILITY = YES;
				SWIFT_VERSION = 5.0;
				TEST_HOST = "$(BUILT_PRODUCTS_DIR)/Cue.app/$(BUNDLE_EXECUTABLE_FOLDER_PATH)/Cue";
			};
			name = Release;
		};
		EB977FF82FA935E200C0B11F /* Debug */ = {
			isa = XCBuildConfiguration;
			baseConfigurationReference = EBCONFIG002FA97D6D0042D4FD /* Shared.xcconfig */;
			buildSettings = {
				DEAD_CODE_STRIPPING = YES;
				GENERATE_INFOPLIST_FILE = YES;
				PRODUCT_BUNDLE_IDENTIFIER = com.cruxbetalabs.CueUITests;
				PRODUCT_NAME = "$(TARGET_NAME)";
				STRING_CATALOG_GENERATE_SYMBOLS = NO;
				SWIFT_APPROACHABLE_CONCURRENCY = YES;
				SWIFT_EMIT_LOC_STRINGS = NO;
				SWIFT_UPCOMING_FEATURE_MEMBER_IMPORT_VISIBILITY = YES;
				SWIFT_VERSION = 5.0;
				TEST_TARGET_NAME = CuePrototype;
			};
			name = Debug;
		};
		EB977FF92FA935E200C0B11F /* Release */ = {
			isa = XCBuildConfiguration;
			baseConfigurationReference = EBCONFIG002FA97D6D0042D4FD /* Shared.xcconfig */;
			buildSettings = {
				DEAD_CODE_STRIPPING = YES;
				GENERATE_INFOPLIST_FILE = YES;
				PRODUCT_BUNDLE_IDENTIFIER = com.cruxbetalabs.CueUITests;
				PRODUCT_NAME = "$(TARGET_NAME)";
				STRING_CATALOG_GENERATE_SYMBOLS = NO;
				SWIFT_APPROACHABLE_CONCURRENCY = YES;
				SWIFT_EMIT_LOC_STRINGS = NO;
				SWIFT_UPCOMING_FEATURE_MEMBER_IMPORT_VISIBILITY = YES;
				SWIFT_VERSION = 5.0;
				TEST_TARGET_NAME = CuePrototype;
			};
			name = Release;
		};
/* End XCBuildConfiguration section */

/* Begin XCConfigurationList section */
		EB977FCB2FA935E100C0B11F /* Build configuration list for PBXProject "Cue" */ = {
			isa = XCConfigurationList;
			buildConfigurations = (
				EB977FEF2FA935E200C0B11F /* Debug */,
				EB977FF02FA935E200C0B11F /* Release */,
			);
			defaultConfigurationIsVisible = 0;
			defaultConfigurationName = Release;
		};
		EB977FF12FA935E200C0B11F /* Build configuration list for PBXNativeTarget "Cue" */ = {
			isa = XCConfigurationList;
			buildConfigurations = (
				EB977FF22FA935E200C0B11F /* Debug */,
				EB977FF32FA935E200C0B11F /* Release */,
			);
			defaultConfigurationIsVisible = 0;
			defaultConfigurationName = Release;
		};
		EB977FF42FA935E200C0B11F /* Build configuration list for PBXNativeTarget "CueTests" */ = {
			isa = XCConfigurationList;
			buildConfigurations = (
				EB977FF52FA935E200C0B11F /* Debug */,
				EB977FF62FA935E200C0B11F /* Release */,
			);
			defaultConfigurationIsVisible = 0;
			defaultConfigurationName = Release;
		};
		EB977FF72FA935E200C0B11F /* Build configuration list for PBXNativeTarget "CueUITests" */ = {
			isa = XCConfigurationList;
			buildConfigurations = (
				EB977FF82FA935E200C0B11F /* Debug */,
				EB977FF92FA935E200C0B11F /* Release */,
			);
			defaultConfigurationIsVisible = 0;
			defaultConfigurationName = Release;
		};
/* End XCConfigurationList section */

/* Begin XCRemoteSwiftPackageReference section */
		EB3DD0DE2FA979920042D4FD /* XCRemoteSwiftPackageReference "textual" */ = {
			isa = XCRemoteSwiftPackageReference;
			repositoryURL = "https://github.com/gonzalezreal/textual";
			requirement = {
				kind = upToNextMajorVersion;
				minimumVersion = 0.3.1;
			};
		};
/* End XCRemoteSwiftPackageReference section */

/* Begin XCSwiftPackageProductDependency section */
		EB3DD0E02FA97D6D0042D4FD /* Textual */ = {
			isa = XCSwiftPackageProductDependency;
			package = EB3DD0DE2FA979920042D4FD /* XCRemoteSwiftPackageReference "textual" */;
			productName = Textual;
		};
/* End XCSwiftPackageProductDependency section */
	};
	rootObject = EB977FC82FA935E100C0B11F /* Project object */;
}
